
Microsoft Visual Studio Solution File, Format Version 12.00
# Visual Studio 15
Project("{FAE04EC0-301F-11D3-BF4B-00C04F79EFBC}") = "Assembly-CSharp", "Assembly-CSharp.csproj", "{482EE23A-1AE0-6C87-46E2-83D1B72281D0}"
EndProject
Project("{FAE04EC0-301F-11D3-BF4B-00C04F79EFBC}") = "Assembly-CSharp-Editor", "Assembly-CSharp-Editor.csproj", "{00A35C72-AFF8-5312-77EF-832AFFC6E573}"
EndProject
Global
	GlobalSection(SolutionConfigurationPlatforms) = preSolution
		Debug|Any CPU = Debug|Any CPU
		Release|Any CPU = Release|Any CPU
	EndGlobalSection
	GlobalSection(ProjectConfigurationPlatforms) = postSolution
		{482EE23A-1AE0-6C87-46E2-83D1B72281D0}.Debug|Any CPU.ActiveCfg = Debug|Any CPU
		{482EE23A-1AE0-6C87-46E2-83D1B72281D0}.Debug|Any CPU.Build.0 = Debug|Any CPU
		{482EE23A-1AE0-6C87-46E2-83D1B72281D0}.Release|Any CPU.ActiveCfg = Release|Any CPU
		{482EE23A-1AE0-6C87-46E2-83D1B72281D0}.Release|Any CPU.Build.0 = Release|Any CPU
		{00A35C72-AFF8-5312-77EF-832AFFC6E573}.Debug|Any CPU.ActiveCfg = Debug|Any CPU
		{00A35C72-AFF8-5312-77EF-832AFFC6E573}.Debug|Any CPU.Build.0 = Debug|Any CPU
		{00A35C72-AFF8-5312-77EF-832AFFC6E573}.Release|Any CPU.ActiveCfg = Release|Any CPU
		{00A35C72-AFF8-5312-77EF-832AFFC6E573}.Release|Any CPU.Build.0 = Release|Any CPU
	EndGlobalSection
	GlobalSection(SolutionProperties) = preSolution
		HideSolutionNode = FALSE
	EndGlobalSection
EndGlobal
